
Microsoft Visual Studio Solution File, Format Version 12.00
# Visual Studio 2013
VisualStudioVersion = 12.0.40629.0
MinimumVisualStudioVersion = 10.0.40219.1
Project("{FAE04EC0-301F-11D3-BF4B-00C04F79EFBC}") = "UnifiedServiceFramework", "CDBServiceLibrary\UnifiedServiceFramework.csproj", "{B640527F-DED5-4939-B7CA-5DEEEEDC782A}"
EndProject
Project("{FAE04EC0-301F-11D3-BF4B-00C04F79EFBC}") = "CDBServiceHost", "CDBServiceHost\CDBServiceHost.csproj", "{79396ACA-E67E-44B5-AAC7-2B87073A5CC6}"
EndProject
Project("{FAE04EC0-301F-11D3-BF4B-00C04F79EFBC}") = "CommandCentral", "CommandDB_Plugin\CommandCentral.csproj", "{F2D303EA-4081-4B7B-8BC2-54686D907C94}"
EndProject
Project("{FAE04EC0-301F-11D3-BF4B-00C04F79EFBC}") = "AtwoodUtils", "AtwoodUtils\AtwoodUtils.csproj", "{689992A9-0C1F-4B2C-92AB-0241F7C82A42}"
EndProject
Global
	GlobalSection(SolutionConfigurationPlatforms) = preSolution
		Debug|Any CPU = Debug|Any CPU
		Release|Any CPU = Release|Any CPU
	EndGlobalSection
	GlobalSection(ProjectConfigurationPlatforms) = postSolution
		{B640527F-DED5-4939-B7CA-5DEEEEDC782A}.Debug|Any CPU.ActiveCfg = Debug|Any CPU
		{B640527F-DED5-4939-B7CA-5DEEEEDC782A}.Debug|Any CPU.Build.0 = Debug|Any CPU
		{B640527F-DED5-4939-B7CA-5DEEEEDC782A}.Release|Any CPU.ActiveCfg = Release|Any CPU
		{B640527F-DED5-4939-B7CA-5DEEEEDC782A}.Release|Any CPU.Build.0 = Release|Any CPU
		{79396ACA-E67E-44B5-AAC7-2B87073A5CC6}.Debug|Any CPU.ActiveCfg = Debug|Any CPU
		{79396ACA-E67E-44B5-AAC7-2B87073A5CC6}.Debug|Any CPU.Build.0 = Debug|Any CPU
		{79396ACA-E67E-44B5-AAC7-2B87073A5CC6}.Release|Any CPU.ActiveCfg = Release|Any CPU
		{79396ACA-E67E-44B5-AAC7-2B87073A5CC6}.Release|Any CPU.Build.0 = Release|Any CPU
		{F2D303EA-4081-4B7B-8BC2-54686D907C94}.Debug|Any CPU.ActiveCfg = Debug|Any CPU
		{F2D303EA-4081-4B7B-8BC2-54686D907C94}.Debug|Any CPU.Build.0 = Debug|Any CPU
		{F2D303EA-4081-4B7B-8BC2-54686D907C94}.Release|Any CPU.ActiveCfg = Release|Any CPU
		{F2D303EA-4081-4B7B-8BC2-54686D907C94}.Release|Any CPU.Build.0 = Release|Any CPU
		{689992A9-0C1F-4B2C-92AB-0241F7C82A42}.Debug|Any CPU.ActiveCfg = Debug|Any CPU
		{689992A9-0C1F-4B2C-92AB-0241F7C82A42}.Debug|Any CPU.Build.0 = Debug|Any CPU
		{689992A9-0C1F-4B2C-92AB-0241F7C82A42}.Release|Any CPU.ActiveCfg = Release|Any CPU
		{689992A9-0C1F-4B2C-92AB-0241F7C82A42}.Release|Any CPU.Build.0 = Release|Any CPU
	EndGlobalSection
	GlobalSection(SolutionProperties) = preSolution
		HideSolutionNode = FALSE
	EndGlobalSection
EndGlobal
